
Microsoft Visual Studio Solution File, Format Version 12.00
# Visual Studio 15
VisualStudioVersion = 15.0.27130.2024
MinimumVisualStudioVersion = 10.0.40219.1
Project("{2150E333-8FDC-42A3-9474-1A3956D46DE8}") = "src", "src", "{6D5690FD-643B-4289-94B1-2E4456C743C5}"
EndProject
Project("{9A19103F-16F7-4668-BE54-9A1E7A4F7556}") = "AspNetCore.TencentCos", "src\COS\AspNetCore.TencentCos.csproj", "{3FA4C83A-8755-44EB-9310-B93FA6354D33}"
EndProject
Project("{2150E333-8FDC-42A3-9474-1A3956D46DE8}") = "samples", "samples", "{2453DB6C-29FE-4E14-BF93-ECEA31F5F945}"
EndProject
Project("{2150E333-8FDC-42A3-9474-1A3956D46DE8}") = "test", "test", "{876B6223-2CA6-4608-A1B0-DAA46332AF8D}"
EndProject
Project("{9A19103F-16F7-4668-BE54-9A1E7A4F7556}") = "SimpleConsoleApp", "samples\SimpleConsoleApp\SimpleConsoleApp.csproj", "{D7AE5477-BD2C-4D83-816F-06BA9A837EFE}"
EndProject
Project("{2150E333-8FDC-42A3-9474-1A3956D46DE8}") = "_", "_", "{634F9F31-68AD-4DDB-9D46-6AAD6EB1BCBB}"
	ProjectSection(SolutionItems) = preProject
		README.md = README.md
	EndProjectSection
EndProject
Project("{9A19103F-16F7-4668-BE54-9A1E7A4F7556}") = "TencentCos.UnitTests", "test\TencentCos.UnitTests\TencentCos.UnitTests.csproj", "{F6706D2F-7F23-4E63-AAD3-919D673665E7}"
EndProject
Project("{FAE04EC0-301F-11D3-BF4B-00C04F79EFBC}") = "CosStore", "samples\CosStore\CosStore.csproj", "{969CE75F-9A05-462F-8B95-98579B8092CF}"
EndProject
Global
	GlobalSection(SolutionConfigurationPlatforms) = preSolution
		Debug|Any CPU = Debug|Any CPU
		Release|Any CPU = Release|Any CPU
	EndGlobalSection
	GlobalSection(ProjectConfigurationPlatforms) = postSolution
		{3FA4C83A-8755-44EB-9310-B93FA6354D33}.Debug|Any CPU.ActiveCfg = Debug|Any CPU
		{3FA4C83A-8755-44EB-9310-B93FA6354D33}.Debug|Any CPU.Build.0 = Debug|Any CPU
		{3FA4C83A-8755-44EB-9310-B93FA6354D33}.Release|Any CPU.ActiveCfg = Release|Any CPU
		{3FA4C83A-8755-44EB-9310-B93FA6354D33}.Release|Any CPU.Build.0 = Release|Any CPU
		{D7AE5477-BD2C-4D83-816F-06BA9A837EFE}.Debug|Any CPU.ActiveCfg = Debug|Any CPU
		{D7AE5477-BD2C-4D83-816F-06BA9A837EFE}.Debug|Any CPU.Build.0 = Debug|Any CPU
		{D7AE5477-BD2C-4D83-816F-06BA9A837EFE}.Release|Any CPU.ActiveCfg = Release|Any CPU
		{D7AE5477-BD2C-4D83-816F-06BA9A837EFE}.Release|Any CPU.Build.0 = Release|Any CPU
		{F6706D2F-7F23-4E63-AAD3-919D673665E7}.Debug|Any CPU.ActiveCfg = Debug|Any CPU
		{F6706D2F-7F23-4E63-AAD3-919D673665E7}.Debug|Any CPU.Build.0 = Debug|Any CPU
		{F6706D2F-7F23-4E63-AAD3-919D673665E7}.Release|Any CPU.ActiveCfg = Release|Any CPU
		{F6706D2F-7F23-4E63-AAD3-919D673665E7}.Release|Any CPU.Build.0 = Release|Any CPU
		{969CE75F-9A05-462F-8B95-98579B8092CF}.Debug|Any CPU.ActiveCfg = Debug|Any CPU
		{969CE75F-9A05-462F-8B95-98579B8092CF}.Debug|Any CPU.Build.0 = Debug|Any CPU
		{969CE75F-9A05-462F-8B95-98579B8092CF}.Release|Any CPU.ActiveCfg = Release|Any CPU
		{969CE75F-9A05-462F-8B95-98579B8092CF}.Release|Any CPU.Build.0 = Release|Any CPU
	EndGlobalSection
	GlobalSection(SolutionProperties) = preSolution
		HideSolutionNode = FALSE
	EndGlobalSection
	GlobalSection(NestedProjects) = preSolution
		{3FA4C83A-8755-44EB-9310-B93FA6354D33} = {6D5690FD-643B-4289-94B1-2E4456C743C5}
		{D7AE5477-BD2C-4D83-816F-06BA9A837EFE} = {2453DB6C-29FE-4E14-BF93-ECEA31F5F945}
		{F6706D2F-7F23-4E63-AAD3-919D673665E7} = {876B6223-2CA6-4608-A1B0-DAA46332AF8D}
		{969CE75F-9A05-462F-8B95-98579B8092CF} = {2453DB6C-29FE-4E14-BF93-ECEA31F5F945}
	EndGlobalSection
	GlobalSection(ExtensibilityGlobals) = postSolution
		SolutionGuid = {246333F9-9CCA-41A2-83B3-FD291CB5668C}
	EndGlobalSection
EndGlobal
