
Microsoft Visual Studio Solution File, Format Version 12.00
# Visual Studio Version 16
VisualStudioVersion = 16.0.28803.202
MinimumVisualStudioVersion = 10.0.40219.1
Project("{2150E333-8FDC-42A3-9474-1A3956D46DE8}") = "src", "src", "{6D5690FD-643B-4289-94B1-2E4456C743C5}"
EndProject
Project("{9A19103F-16F7-4668-BE54-9A1E7A4F7556}") = "TencentCos", "src\TencentCos\TencentCos.csproj", "{3FA4C83A-8755-44EB-9310-B93FA6354D33}"
EndProject
Project("{2150E333-8FDC-42A3-9474-1A3956D46DE8}") = "samples", "samples", "{2453DB6C-29FE-4E14-BF93-ECEA31F5F945}"
EndProject
Project("{2150E333-8FDC-42A3-9474-1A3956D46DE8}") = "test", "test", "{876B6223-2CA6-4608-A1B0-DAA46332AF8D}"
EndProject
Project("{2150E333-8FDC-42A3-9474-1A3956D46DE8}") = "_", "_", "{634F9F31-68AD-4DDB-9D46-6AAD6EB1BCBB}"
	ProjectSection(SolutionItems) = preProject
		global.json = global.json
		README.md = README.md
	EndProjectSection
EndProject
Project("{9A19103F-16F7-4668-BE54-9A1E7A4F7556}") = "UnitTest", "test\UnitTest\UnitTest.csproj", "{7CA1E9E8-00AD-4403-9ABC-894AE7938283}"
EndProject
Project("{9A19103F-16F7-4668-BE54-9A1E7A4F7556}") = "ConsoleApp", "samples\ConsoleApp\ConsoleApp.csproj", "{75CBCD2D-776D-4143-8BDD-CC4D03BA4425}"
EndProject
Project("{9A19103F-16F7-4668-BE54-9A1E7A4F7556}") = "Demo", "samples\Demo\Demo.csproj", "{DB1326A6-392D-4C84-ABB7-A8BBCF2DA30D}"
EndProject
Global
	GlobalSection(SolutionConfigurationPlatforms) = preSolution
		Debug|Any CPU = Debug|Any CPU
		Release|Any CPU = Release|Any CPU
	EndGlobalSection
	GlobalSection(ProjectConfigurationPlatforms) = postSolution
		{3FA4C83A-8755-44EB-9310-B93FA6354D33}.Debug|Any CPU.ActiveCfg = Debug|Any CPU
		{3FA4C83A-8755-44EB-9310-B93FA6354D33}.Debug|Any CPU.Build.0 = Debug|Any CPU
		{3FA4C83A-8755-44EB-9310-B93FA6354D33}.Release|Any CPU.ActiveCfg = Release|Any CPU
		{3FA4C83A-8755-44EB-9310-B93FA6354D33}.Release|Any CPU.Build.0 = Release|Any CPU
		{7CA1E9E8-00AD-4403-9ABC-894AE7938283}.Debug|Any CPU.ActiveCfg = Debug|Any CPU
		{7CA1E9E8-00AD-4403-9ABC-894AE7938283}.Debug|Any CPU.Build.0 = Debug|Any CPU
		{7CA1E9E8-00AD-4403-9ABC-894AE7938283}.Release|Any CPU.ActiveCfg = Release|Any CPU
		{7CA1E9E8-00AD-4403-9ABC-894AE7938283}.Release|Any CPU.Build.0 = Release|Any CPU
		{75CBCD2D-776D-4143-8BDD-CC4D03BA4425}.Debug|Any CPU.ActiveCfg = Debug|Any CPU
		{75CBCD2D-776D-4143-8BDD-CC4D03BA4425}.Debug|Any CPU.Build.0 = Debug|Any CPU
		{75CBCD2D-776D-4143-8BDD-CC4D03BA4425}.Release|Any CPU.ActiveCfg = Release|Any CPU
		{75CBCD2D-776D-4143-8BDD-CC4D03BA4425}.Release|Any CPU.Build.0 = Release|Any CPU
		{DB1326A6-392D-4C84-ABB7-A8BBCF2DA30D}.Debug|Any CPU.ActiveCfg = Debug|Any CPU
		{DB1326A6-392D-4C84-ABB7-A8BBCF2DA30D}.Debug|Any CPU.Build.0 = Debug|Any CPU
		{DB1326A6-392D-4C84-ABB7-A8BBCF2DA30D}.Release|Any CPU.ActiveCfg = Release|Any CPU
		{DB1326A6-392D-4C84-ABB7-A8BBCF2DA30D}.Release|Any CPU.Build.0 = Release|Any CPU
	EndGlobalSection
	GlobalSection(SolutionProperties) = preSolution
		HideSolutionNode = FALSE
	EndGlobalSection
	GlobalSection(NestedProjects) = preSolution
		{3FA4C83A-8755-44EB-9310-B93FA6354D33} = {6D5690FD-643B-4289-94B1-2E4456C743C5}
		{7CA1E9E8-00AD-4403-9ABC-894AE7938283} = {876B6223-2CA6-4608-A1B0-DAA46332AF8D}
		{75CBCD2D-776D-4143-8BDD-CC4D03BA4425} = {2453DB6C-29FE-4E14-BF93-ECEA31F5F945}
		{DB1326A6-392D-4C84-ABB7-A8BBCF2DA30D} = {2453DB6C-29FE-4E14-BF93-ECEA31F5F945}
	EndGlobalSection
	GlobalSection(ExtensibilityGlobals) = postSolution
		SolutionGuid = {246333F9-9CCA-41A2-83B3-FD291CB5668C}
	EndGlobalSection
EndGlobal
